
Microsoft Visual Studio Solution File, Format Version 12.00
# Visual Studio Version 17
VisualStudioVersion = 17.2.32516.85
MinimumVisualStudioVersion = 10.0.40219.1
Project("{9A19103F-16F7-4668-BE54-9A1E7A4F7556}") = "ProductApp", "ProductApp.csproj", "{9D6543EB-B932-49AB-BEE1-E2F7F0917262}"
EndProject
Project("{9A19103F-16F7-4668-BE54-9A1E7A4F7556}") = "Repositories", "..\Repositories\Repositories.csproj", "{82CBCD81-875E-484F-ABE9-E6C517979969}"
EndProject
Project("{9A19103F-16F7-4668-BE54-9A1E7A4F7556}") = "Entities", "..\Entities\Entities.csproj", "{EB291777-1979-4B98-89CB-67BEBA283A1E}"
EndProject
Project("{FAE04EC0-301F-11D3-BF4B-00C04F79EFBC}") = "Services", "..\Services\Services.csproj", "{95CC5D94-4F3F-4057-A56F-F91CBE967579}"
EndProject
Global
	GlobalSection(SolutionConfigurationPlatforms) = preSolution
		Debug|Any CPU = Debug|Any CPU
		Release|Any CPU = Release|Any CPU
	EndGlobalSection
	GlobalSection(ProjectConfigurationPlatforms) = postSolution
		{9D6543EB-B932-49AB-BEE1-E2F7F0917262}.Debug|Any CPU.ActiveCfg = Debug|Any CPU
		{9D6543EB-B932-49AB-BEE1-E2F7F0917262}.Debug|Any CPU.Build.0 = Debug|Any CPU
		{9D6543EB-B932-49AB-BEE1-E2F7F0917262}.Release|Any CPU.ActiveCfg = Release|Any CPU
		{9D6543EB-B932-49AB-BEE1-E2F7F0917262}.Release|Any CPU.Build.0 = Release|Any CPU
		{82CBCD81-875E-484F-ABE9-E6C517979969}.Debug|Any CPU.ActiveCfg = Debug|Any CPU
		{82CBCD81-875E-484F-ABE9-E6C517979969}.Debug|Any CPU.Build.0 = Debug|Any CPU
		{82CBCD81-875E-484F-ABE9-E6C517979969}.Release|Any CPU.ActiveCfg = Release|Any CPU
		{82CBCD81-875E-484F-ABE9-E6C517979969}.Release|Any CPU.Build.0 = Release|Any CPU
		{EB291777-1979-4B98-89CB-67BEBA283A1E}.Debug|Any CPU.ActiveCfg = Debug|Any CPU
		{EB291777-1979-4B98-89CB-67BEBA283A1E}.Debug|Any CPU.Build.0 = Debug|Any CPU
		{EB291777-1979-4B98-89CB-67BEBA283A1E}.Release|Any CPU.ActiveCfg = Release|Any CPU
		{EB291777-1979-4B98-89CB-67BEBA283A1E}.Release|Any CPU.Build.0 = Release|Any CPU
		{95CC5D94-4F3F-4057-A56F-F91CBE967579}.Debug|Any CPU.ActiveCfg = Debug|Any CPU
		{95CC5D94-4F3F-4057-A56F-F91CBE967579}.Debug|Any CPU.Build.0 = Debug|Any CPU
		{95CC5D94-4F3F-4057-A56F-F91CBE967579}.Release|Any CPU.ActiveCfg = Release|Any CPU
		{95CC5D94-4F3F-4057-A56F-F91CBE967579}.Release|Any CPU.Build.0 = Release|Any CPU
	EndGlobalSection
	GlobalSection(SolutionProperties) = preSolution
		HideSolutionNode = FALSE
	EndGlobalSection
	GlobalSection(ExtensibilityGlobals) = postSolution
		SolutionGuid = {1731CE04-60C2-470A-8FB5-0C30600C620A}
	EndGlobalSection
EndGlobal
