
Microsoft Visual Studio Solution File, Format Version 12.00
# Visual Studio Version 17
VisualStudioVersion = 17.2.32516.85
MinimumVisualStudioVersion = 10.0.40219.1
Project("{FAE04EC0-301F-11D3-BF4B-00C04F79EFBC}") = "ProductAppNew", "ProductAppNew.csproj", "{6257CA86-4230-49A0-9407-E9FA70637F5D}"
EndProject
Project("{FAE04EC0-301F-11D3-BF4B-00C04F79EFBC}") = "ConsoleApp1", "..\ConsoleApp1\ConsoleApp1.csproj", "{1BEF0297-DF9D-4AF2-B43A-6DD55887EF55}"
EndProject
Global
	GlobalSection(SolutionConfigurationPlatforms) = preSolution
		Debug|Any CPU = Debug|Any CPU
		Release|Any CPU = Release|Any CPU
	EndGlobalSection
	GlobalSection(ProjectConfigurationPlatforms) = postSolution
		{6257CA86-4230-49A0-9407-E9FA70637F5D}.Debug|Any CPU.ActiveCfg = Debug|Any CPU
		{6257CA86-4230-49A0-9407-E9FA70637F5D}.Debug|Any CPU.Build.0 = Debug|Any CPU
		{6257CA86-4230-49A0-9407-E9FA70637F5D}.Release|Any CPU.ActiveCfg = Release|Any CPU
		{6257CA86-4230-49A0-9407-E9FA70637F5D}.Release|Any CPU.Build.0 = Release|Any CPU
		{1BEF0297-DF9D-4AF2-B43A-6DD55887EF55}.Debug|Any CPU.ActiveCfg = Debug|Any CPU
		{1BEF0297-DF9D-4AF2-B43A-6DD55887EF55}.Debug|Any CPU.Build.0 = Debug|Any CPU
		{1BEF0297-DF9D-4AF2-B43A-6DD55887EF55}.Release|Any CPU.ActiveCfg = Release|Any CPU
		{1BEF0297-DF9D-4AF2-B43A-6DD55887EF55}.Release|Any CPU.Build.0 = Release|Any CPU
	EndGlobalSection
	GlobalSection(SolutionProperties) = preSolution
		HideSolutionNode = FALSE
	EndGlobalSection
	GlobalSection(ExtensibilityGlobals) = postSolution
		SolutionGuid = {DF695387-79A1-49D8-8F7C-0CDDCDB63D85}
	EndGlobalSection
EndGlobal
